
Microsoft Visual Studio Solution File, Format Version 12.00
# Visual Studio Version 17
VisualStudioVersion = 17.0.31903.59
MinimumVisualStudioVersion = 10.0.40219.1
Project("{FAE04EC0-301F-11D3-BF4B-00C04F79EFBC}") = "Cognitohazard_v1", "Cognitohazard_v1.csproj", "{F367F825-DE09-480D-830C-5EDF70AF4947}"
EndProject
Project("{2150E333-8FDC-42A3-9474-1A3956D46DE8}") = "tests", "tests", "{0AB3BF05-4346-4AA6-1389-037BE0695223}"
EndProject
Project("{FAE04EC0-301F-11D3-BF4B-00C04F79EFBC}") = "Cognitohazard.Tests", "tests\Cognitohazard.Tests.csproj", "{38A2ABC0-3A5C-4C27-A5B5-E6ACF21150FB}"
EndProject
Global
	GlobalSection(SolutionConfigurationPlatforms) = preSolution
		Debug|Any CPU = Debug|Any CPU
		Debug|x64 = Debug|x64
		Debug|x86 = Debug|x86
		Release|Any CPU = Release|Any CPU
		Release|x64 = Release|x64
		Release|x86 = Release|x86
	EndGlobalSection
	GlobalSection(ProjectConfigurationPlatforms) = postSolution
		{F367F825-DE09-480D-830C-5EDF70AF4947}.Debug|Any CPU.ActiveCfg = Debug|Any CPU
		{F367F825-DE09-480D-830C-5EDF70AF4947}.Debug|Any CPU.Build.0 = Debug|Any CPU
		{F367F825-DE09-480D-830C-5EDF70AF4947}.Debug|x64.ActiveCfg = Debug|Any CPU
		{F367F825-DE09-480D-830C-5EDF70AF4947}.Debug|x64.Build.0 = Debug|Any CPU
		{F367F825-DE09-480D-830C-5EDF70AF4947}.Debug|x86.ActiveCfg = Debug|Any CPU
		{F367F825-DE09-480D-830C-5EDF70AF4947}.Debug|x86.Build.0 = Debug|Any CPU
		{F367F825-DE09-480D-830C-5EDF70AF4947}.Release|Any CPU.ActiveCfg = Debug|Any CPU
		{F367F825-DE09-480D-830C-5EDF70AF4947}.Release|Any CPU.Build.0 = Debug|Any CPU
		{F367F825-DE09-480D-830C-5EDF70AF4947}.Release|x64.ActiveCfg = Debug|Any CPU
		{F367F825-DE09-480D-830C-5EDF70AF4947}.Release|x64.Build.0 = Debug|Any CPU
		{F367F825-DE09-480D-830C-5EDF70AF4947}.Release|x86.ActiveCfg = Debug|Any CPU
		{F367F825-DE09-480D-830C-5EDF70AF4947}.Release|x86.Build.0 = Debug|Any CPU
		{38A2ABC0-3A5C-4C27-A5B5-E6ACF21150FB}.Debug|Any CPU.ActiveCfg = Debug|Any CPU
		{38A2ABC0-3A5C-4C27-A5B5-E6ACF21150FB}.Debug|Any CPU.Build.0 = Debug|Any CPU
		{38A2ABC0-3A5C-4C27-A5B5-E6ACF21150FB}.Debug|x64.ActiveCfg = Debug|Any CPU
		{38A2ABC0-3A5C-4C27-A5B5-E6ACF21150FB}.Debug|x64.Build.0 = Debug|Any CPU
		{38A2ABC0-3A5C-4C27-A5B5-E6ACF21150FB}.Debug|x86.ActiveCfg = Debug|Any CPU
		{38A2ABC0-3A5C-4C27-A5B5-E6ACF21150FB}.Debug|x86.Build.0 = Debug|Any CPU
		{38A2ABC0-3A5C-4C27-A5B5-E6ACF21150FB}.Release|Any CPU.ActiveCfg = Release|Any CPU
		{38A2ABC0-3A5C-4C27-A5B5-E6ACF21150FB}.Release|Any CPU.Build.0 = Release|Any CPU
		{38A2ABC0-3A5C-4C27-A5B5-E6ACF21150FB}.Release|x64.ActiveCfg = Release|Any CPU
		{38A2ABC0-3A5C-4C27-A5B5-E6ACF21150FB}.Release|x64.Build.0 = Release|Any CPU
		{38A2ABC0-3A5C-4C27-A5B5-E6ACF21150FB}.Release|x86.ActiveCfg = Release|Any CPU
		{38A2ABC0-3A5C-4C27-A5B5-E6ACF21150FB}.Release|x86.Build.0 = Release|Any CPU
	EndGlobalSection
	GlobalSection(SolutionProperties) = preSolution
		HideSolutionNode = FALSE
	EndGlobalSection
	GlobalSection(NestedProjects) = preSolution
		{38A2ABC0-3A5C-4C27-A5B5-E6ACF21150FB} = {0AB3BF05-4346-4AA6-1389-037BE0695223}
	EndGlobalSection
EndGlobal
